
Microsoft Visual Studio Solution File, Format Version 12.00
# Visual Studio Version 17
VisualStudioVersion = 17.8.34330.188
MinimumVisualStudioVersion = 10.0.40219.1
Project("{9A19103F-16F7-4668-BE54-9A1E7A4F7556}") = "SurveyDocUploader", "SurveyDocUploader\SurveyDocUploader.csproj", "{56837FC2-D540-4435-9304-0521EC6B77EB}"
EndProject
Global
	GlobalSection(SolutionConfigurationPlatforms) = preSolution
		Debug|Any CPU = Debug|Any CPU
		Release|Any CPU = Release|Any CPU
	EndGlobalSection
	GlobalSection(ProjectConfigurationPlatforms) = postSolution
		{56837FC2-D540-4435-9304-0521EC6B77EB}.Debug|Any CPU.ActiveCfg = Debug|Any CPU
		{56837FC2-D540-4435-9304-0521EC6B77EB}.Debug|Any CPU.Build.0 = Debug|Any CPU
		{56837FC2-D540-4435-9304-0521EC6B77EB}.Release|Any CPU.ActiveCfg = Release|Any CPU
		{56837FC2-D540-4435-9304-0521EC6B77EB}.Release|Any CPU.Build.0 = Release|Any CPU
	EndGlobalSection
	GlobalSection(SolutionProperties) = preSolution
		HideSolutionNode = FALSE
	EndGlobalSection
	GlobalSection(ExtensibilityGlobals) = postSolution
		SolutionGuid = {B90481DF-55BF-4C1D-B461-D12126575CBD}
	EndGlobalSection
EndGlobal
